
Microsoft Visual Studio Solution File, Format Version 12.00
# Visual Studio Version 17
VisualStudioVersion = 17.7.34031.279
MinimumVisualStudioVersion = 10.0.40219.1
Project("{FAE04EC0-301F-11D3-BF4B-00C04F79EFBC}") = "TicketAPI", "TicketAPI\TicketAPI.csproj", "{481AB1B0-C8B7-4432-90C5-02DF90F205AB}"
EndProject
Project("{FAE04EC0-301F-11D3-BF4B-00C04F79EFBC}") = "Business", "Business\Business.csproj", "{96D0EFBA-7C02-4FAB-92B1-10C49C9F5117}"
EndProject
Project("{FAE04EC0-301F-11D3-BF4B-00C04F79EFBC}") = "DataAccess", "DataAccess\DataAccess.csproj", "{8BC8AFA3-999E-42B3-969F-03F84E0B32BC}"
EndProject
Project("{FAE04EC0-301F-11D3-BF4B-00C04F79EFBC}") = "DTO", "DTO\DTO.csproj", "{F07737E5-10A4-44F3-AC97-BA6EF6E56BDA}"
EndProject
Global
	GlobalSection(SolutionConfigurationPlatforms) = preSolution
		Debug|Any CPU = Debug|Any CPU
		Release|Any CPU = Release|Any CPU
	EndGlobalSection
	GlobalSection(ProjectConfigurationPlatforms) = postSolution
		{481AB1B0-C8B7-4432-90C5-02DF90F205AB}.Debug|Any CPU.ActiveCfg = Debug|Any CPU
		{481AB1B0-C8B7-4432-90C5-02DF90F205AB}.Debug|Any CPU.Build.0 = Debug|Any CPU
		{481AB1B0-C8B7-4432-90C5-02DF90F205AB}.Release|Any CPU.ActiveCfg = Release|Any CPU
		{481AB1B0-C8B7-4432-90C5-02DF90F205AB}.Release|Any CPU.Build.0 = Release|Any CPU
		{96D0EFBA-7C02-4FAB-92B1-10C49C9F5117}.Debug|Any CPU.ActiveCfg = Debug|Any CPU
		{96D0EFBA-7C02-4FAB-92B1-10C49C9F5117}.Debug|Any CPU.Build.0 = Debug|Any CPU
		{96D0EFBA-7C02-4FAB-92B1-10C49C9F5117}.Release|Any CPU.ActiveCfg = Release|Any CPU
		{96D0EFBA-7C02-4FAB-92B1-10C49C9F5117}.Release|Any CPU.Build.0 = Release|Any CPU
		{8BC8AFA3-999E-42B3-969F-03F84E0B32BC}.Debug|Any CPU.ActiveCfg = Debug|Any CPU
		{8BC8AFA3-999E-42B3-969F-03F84E0B32BC}.Debug|Any CPU.Build.0 = Debug|Any CPU
		{8BC8AFA3-999E-42B3-969F-03F84E0B32BC}.Release|Any CPU.ActiveCfg = Release|Any CPU
		{8BC8AFA3-999E-42B3-969F-03F84E0B32BC}.Release|Any CPU.Build.0 = Release|Any CPU
		{F07737E5-10A4-44F3-AC97-BA6EF6E56BDA}.Debug|Any CPU.ActiveCfg = Debug|Any CPU
		{F07737E5-10A4-44F3-AC97-BA6EF6E56BDA}.Debug|Any CPU.Build.0 = Debug|Any CPU
		{F07737E5-10A4-44F3-AC97-BA6EF6E56BDA}.Release|Any CPU.ActiveCfg = Release|Any CPU
		{F07737E5-10A4-44F3-AC97-BA6EF6E56BDA}.Release|Any CPU.Build.0 = Release|Any CPU
	EndGlobalSection
	GlobalSection(SolutionProperties) = preSolution
		HideSolutionNode = FALSE
	EndGlobalSection
	GlobalSection(ExtensibilityGlobals) = postSolution
		SolutionGuid = {59273B71-C1E1-4CBA-A244-C11A5B71BC68}
	EndGlobalSection
EndGlobal
